// !$*UTF8*$!
{
	archiveVersion = 1;
	classes = {
	};
	objectVersion = 50;
	objects = {

/* Begin PBXBuildFile section */
		0C3CB37C24C4C235008EB4FB /* ProductDetailViewController.swift in Sources */ = {isa = PBXBuildFile; fileRef = 0C3CB37B24C4C235008EB4FB /* ProductDetailViewController.swift */; };
		0C3CB37E24C4C27A008EB4FB /* ProductDetailPresenter.swift in Sources */ = {isa = PBXBuildFile; fileRef = 0C3CB37D24C4C27A008EB4FB /* ProductDetailPresenter.swift */; };
		0C3CB38224C52C08008EB4FB /* SearchViewController.swift in Sources */ = {isa = PBXBuildFile; fileRef = 0C3CB38124C52C08008EB4FB /* SearchViewController.swift */; };
		0C5F0B9424C3C44800729627 /* APIConfig.swift in Sources */ = {isa = PBXBuildFile; fileRef = 0C5F0B9324C3C44800729627 /* APIConfig.swift */; };
		0C5F0B9924C418B400729627 /* Product.swift in Sources */ = {isa = PBXBuildFile; fileRef = 0C5F0B9824C418B400729627 /* Product.swift */; };
		0C5F0B9A24C41A6500729627 /* SearchProductsService.swift in Sources */ = {isa = PBXBuildFile; fileRef = 0C5F0B9624C414FD00729627 /* SearchProductsService.swift */; };
		0C6A8C0224C53B3B00179915 /* MercadoChallengeTests.swift in Sources */ = {isa = PBXBuildFile; fileRef = 0C6A8C0124C53B3B00179915 /* MercadoChallengeTests.swift */; };
		0C6A8C0A24C5553C00179915 /* MockProduct.swift in Sources */ = {isa = PBXBuildFile; fileRef = 0C6A8C0924C5553C00179915 /* MockProduct.swift */; };
		0C6A8C1224C56B3300179915 /* MercadoChallengeUITests.swift in Sources */ = {isa = PBXBuildFile; fileRef = 0C6A8C1124C56B3300179915 /* MercadoChallengeUITests.swift */; };
		0CBFA59024BC64C20077E332 /* ListProductsPresenter.swift in Sources */ = {isa = PBXBuildFile; fileRef = 0CBFA58F24BC64C20077E332 /* ListProductsPresenter.swift */; };
		8A12C0D5246EC35800316518 /* Color.swift in Sources */ = {isa = PBXBuildFile; fileRef = 8A12C0D4246EC35800316518 /* Color.swift */; };
		8A12C0D8246ED95C00316518 /* JSONParser.swift in Sources */ = {isa = PBXBuildFile; fileRef = 8A12C0D7246ED95C00316518 /* JSONParser.swift */; };
		8A151A452465D7B4000FBA74 /* Assets.xcassets in Resources */ = {isa = PBXBuildFile; fileRef = 8A151A442465D7B4000FBA74 /* Assets.xcassets */; };
		8A1BCBFD245F67C300AB1E0B /* AppDelegate.swift in Sources */ = {isa = PBXBuildFile; fileRef = 8A1BCBFC245F67C300AB1E0B /* AppDelegate.swift */; };
		8A1BCBFF245F67C300AB1E0B /* SceneDelegate.swift in Sources */ = {isa = PBXBuildFile; fileRef = 8A1BCBFE245F67C300AB1E0B /* SceneDelegate.swift */; };
		8A1BCC04245F67C300AB1E0B /* Main.storyboard in Resources */ = {isa = PBXBuildFile; fileRef = 8A1BCC02245F67C300AB1E0B /* Main.storyboard */; };
		8A1BCC09245F67C400AB1E0B /* LaunchScreen.storyboard in Resources */ = {isa = PBXBuildFile; fileRef = 8A1BCC07245F67C400AB1E0B /* LaunchScreen.storyboard */; };
		8A317F0D24631ADE009E2B23 /* ProductsTableViewController.swift in Sources */ = {isa = PBXBuildFile; fileRef = 8A317F0C24631ADE009E2B23 /* ProductsTableViewController.swift */; };
/* End PBXBuildFile section */

/* Begin PBXContainerItemProxy section */
		0C6A8C0424C53B3B00179915 /* PBXContainerItemProxy */ = {
			isa = PBXContainerItemProxy;
			containerPortal = 8A1BCBF1245F67C300AB1E0B /* Project object */;
			proxyType = 1;
			remoteGlobalIDString = 8A1BCBF8245F67C300AB1E0B;
			remoteInfo = MercadoChallenge;
		};
		0C6A8C1424C56B3300179915 /* PBXContainerItemProxy */ = {
			isa = PBXContainerItemProxy;
			containerPortal = 8A1BCBF1245F67C300AB1E0B /* Project object */;
			proxyType = 1;
			remoteGlobalIDString = 8A1BCBF8245F67C300AB1E0B;
			remoteInfo = MercadoChallenge;
		};
/* End PBXContainerItemProxy section */

/* Begin PBXFileReference section */
		0C3CB37B24C4C235008EB4FB /* ProductDetailViewController.swift */ = {isa = PBXFileReference; lastKnownFileType = sourcecode.swift; path = ProductDetailViewController.swift; sourceTree = "<group>"; };
		0C3CB37D24C4C27A008EB4FB /* ProductDetailPresenter.swift */ = {isa = PBXFileReference; lastKnownFileType = sourcecode.swift; path = ProductDetailPresenter.swift; sourceTree = "<group>"; };
		0C3CB37F24C4C49B008EB4FB /* Info.plist */ = {isa = PBXFileReference; fileEncoding = 4; lastKnownFileType = text.plist.xml; path = Info.plist; sourceTree = "<group>"; };
		0C3CB38124C52C08008EB4FB /* SearchViewController.swift */ = {isa = PBXFileReference; lastKnownFileType = sourcecode.swift; path = SearchViewController.swift; sourceTree = "<group>"; };
		0C5F0B9324C3C44800729627 /* APIConfig.swift */ = {isa = PBXFileReference; lastKnownFileType = sourcecode.swift; path = APIConfig.swift; sourceTree = "<group>"; };
		0C5F0B9624C414FD00729627 /* SearchProductsService.swift */ = {isa = PBXFileReference; lastKnownFileType = sourcecode.swift; path = SearchProductsService.swift; sourceTree = "<group>"; };
		0C5F0B9824C418B400729627 /* Product.swift */ = {isa = PBXFileReference; lastKnownFileType = sourcecode.swift; path = Product.swift; sourceTree = "<group>"; };
		0C6A8BFF24C53B3B00179915 /* MercadoChallengeTests.xctest */ = {isa = PBXFileReference; explicitFileType = wrapper.cfbundle; includeInIndex = 0; path = MercadoChallengeTests.xctest; sourceTree = BUILT_PRODUCTS_DIR; };
		0C6A8C0124C53B3B00179915 /* MercadoChallengeTests.swift */ = {isa = PBXFileReference; lastKnownFileType = sourcecode.swift; path = MercadoChallengeTests.swift; sourceTree = "<group>"; };
		0C6A8C0324C53B3B00179915 /* Info.plist */ = {isa = PBXFileReference; lastKnownFileType = text.plist.xml; path = Info.plist; sourceTree = "<group>"; };
		0C6A8C0924C5553C00179915 /* MockProduct.swift */ = {isa = PBXFileReference; lastKnownFileType = sourcecode.swift; path = MockProduct.swift; sourceTree = "<group>"; };
		0C6A8C0F24C56B3300179915 /* MercadoChallengeUITests.xctest */ = {isa = PBXFileReference; explicitFileType = wrapper.cfbundle; includeInIndex = 0; path = MercadoChallengeUITests.xctest; sourceTree = BUILT_PRODUCTS_DIR; };
		0C6A8C1124C56B3300179915 /* MercadoChallengeUITests.swift */ = {isa = PBXFileReference; lastKnownFileType = sourcecode.swift; path = MercadoChallengeUITests.swift; sourceTree = "<group>"; };
		0C6A8C1324C56B3300179915 /* Info.plist */ = {isa = PBXFileReference; lastKnownFileType = text.plist.xml; path = Info.plist; sourceTree = "<group>"; };
		0CBFA58F24BC64C20077E332 /* ListProductsPresenter.swift */ = {isa = PBXFileReference; lastKnownFileType = sourcecode.swift; path = ListProductsPresenter.swift; sourceTree = "<group>"; };
		8A12C0D4246EC35800316518 /* Color.swift */ = {isa = PBXFileReference; lastKnownFileType = sourcecode.swift; path = Color.swift; sourceTree = "<group>"; };
		8A12C0D7246ED95C00316518 /* JSONParser.swift */ = {isa = PBXFileReference; lastKnownFileType = sourcecode.swift; path = JSONParser.swift; sourceTree = "<group>"; };
		8A151A442465D7B4000FBA74 /* Assets.xcassets */ = {isa = PBXFileReference; lastKnownFileType = folder.assetcatalog; path = Assets.xcassets; sourceTree = "<group>"; };
		8A1BCBF9245F67C300AB1E0B /* MercadoChallenge.app */ = {isa = PBXFileReference; explicitFileType = wrapper.application; includeInIndex = 0; path = MercadoChallenge.app; sourceTree = BUILT_PRODUCTS_DIR; };
		8A1BCBFC245F67C300AB1E0B /* AppDelegate.swift */ = {isa = PBXFileReference; lastKnownFileType = sourcecode.swift; path = AppDelegate.swift; sourceTree = "<group>"; };
		8A1BCBFE245F67C300AB1E0B /* SceneDelegate.swift */ = {isa = PBXFileReference; lastKnownFileType = sourcecode.swift; path = SceneDelegate.swift; sourceTree = "<group>"; };
		8A1BCC03245F67C300AB1E0B /* Base */ = {isa = PBXFileReference; lastKnownFileType = file.storyboard; name = Base; path = Base.lproj/Main.storyboard; sourceTree = "<group>"; };
		8A1BCC08245F67C400AB1E0B /* Base */ = {isa = PBXFileReference; lastKnownFileType = file.storyboard; name = Base; path = Base.lproj/LaunchScreen.storyboard; sourceTree = "<group>"; };
		8A317F0C24631ADE009E2B23 /* ProductsTableViewController.swift */ = {isa = PBXFileReference; lastKnownFileType = sourcecode.swift; path = ProductsTableViewController.swift; sourceTree = "<group>"; };
/* End PBXFileReference section */

/* Begin PBXFrameworksBuildPhase section */
		0C6A8BFC24C53B3B00179915 /* Frameworks */ = {
			isa = PBXFrameworksBuildPhase;
			buildActionMask = 2147483647;
			files = (
			);
			runOnlyForDeploymentPostprocessing = 0;
		};
		0C6A8C0C24C56B3300179915 /* Frameworks */ = {
			isa = PBXFrameworksBuildPhase;
			buildActionMask = 2147483647;
			files = (
			);
			runOnlyForDeploymentPostprocessing = 0;
		};
		8A1BCBF6245F67C300AB1E0B /* Frameworks */ = {
			isa = PBXFrameworksBuildPhase;
			buildActionMask = 2147483647;
			files = (
			);
			runOnlyForDeploymentPostprocessing = 0;
		};
/* End PBXFrameworksBuildPhase section */

/* Begin PBXGroup section */
		03906C02CABDB80D9968FB06 /* Pods */ = {
			isa = PBXGroup;
			children = (
			);
			path = Pods;
			sourceTree = "<group>";
		};
		0C5F0B9524C414E500729627 /* Services */ = {
			isa = PBXGroup;
			children = (
				0C5F0B9624C414FD00729627 /* SearchProductsService.swift */,
			);
			path = Services;
			sourceTree = "<group>";
		};
		0C6A8C0024C53B3B00179915 /* MercadoChallengeTests */ = {
			isa = PBXGroup;
			children = (
				0C6A8C0124C53B3B00179915 /* MercadoChallengeTests.swift */,
				0C6A8C0324C53B3B00179915 /* Info.plist */,
				0C6A8C0924C5553C00179915 /* MockProduct.swift */,
			);
			path = MercadoChallengeTests;
			sourceTree = "<group>";
		};
		0C6A8C1024C56B3300179915 /* MercadoChallengeUITests */ = {
			isa = PBXGroup;
			children = (
				0C6A8C1124C56B3300179915 /* MercadoChallengeUITests.swift */,
				0C6A8C1324C56B3300179915 /* Info.plist */,
			);
			path = MercadoChallengeUITests;
			sourceTree = "<group>";
		};
		0CBFA58924BC64420077E332 /* Model */ = {
			isa = PBXGroup;
			children = (
			);
			path = Model;
			sourceTree = "<group>";
		};
		0CBFA58A24BC64510077E332 /* View */ = {
			isa = PBXGroup;
			children = (
				0C3CB37B24C4C235008EB4FB /* ProductDetailViewController.swift */,
			);
			path = View;
			sourceTree = "<group>";
		};
		0CBFA58B24BC645C0077E332 /* Presenter */ = {
			isa = PBXGroup;
			children = (
				0C3CB37D24C4C27A008EB4FB /* ProductDetailPresenter.swift */,
			);
			path = Presenter;
			sourceTree = "<group>";
		};
		0CBFA58C24BC64740077E332 /* Model */ = {
			isa = PBXGroup;
			children = (
				0C5F0B9824C418B400729627 /* Product.swift */,
			);
			path = Model;
			sourceTree = "<group>";
		};
		0CBFA58D24BC647F0077E332 /* View */ = {
			isa = PBXGroup;
			children = (
				8A317F0C24631ADE009E2B23 /* ProductsTableViewController.swift */,
				0C3CB38124C52C08008EB4FB /* SearchViewController.swift */,
			);
			path = View;
			sourceTree = "<group>";
		};
		0CBFA58E24BC648C0077E332 /* Presenter */ = {
			isa = PBXGroup;
			children = (
				0CBFA58F24BC64C20077E332 /* ListProductsPresenter.swift */,
			);
			path = Presenter;
			sourceTree = "<group>";
		};
		8A12C0C5246EB61C00316518 /* Scenes */ = {
			isa = PBXGroup;
			children = (
				8A12C0C7246EB6C300316518 /* ProductDetail */,
				8A12C0C6246EB6B800316518 /* ListProducts */,
			);
			path = Scenes;
			sourceTree = "<group>";
		};
		8A12C0C6246EB6B800316518 /* ListProducts */ = {
			isa = PBXGroup;
			children = (
				0CBFA58E24BC648C0077E332 /* Presenter */,
				0CBFA58D24BC647F0077E332 /* View */,
				0CBFA58C24BC64740077E332 /* Model */,
			);
			path = ListProducts;
			sourceTree = "<group>";
		};
		8A12C0C7246EB6C300316518 /* ProductDetail */ = {
			isa = PBXGroup;
			children = (
				0CBFA58B24BC645C0077E332 /* Presenter */,
				0CBFA58A24BC64510077E332 /* View */,
				0CBFA58924BC64420077E332 /* Model */,
			);
			path = ProductDetail;
			sourceTree = "<group>";
		};
		8A12C0C9246EB6FD00316518 /* Extensions */ = {
			isa = PBXGroup;
			children = (
			);
			path = Extensions;
			sourceTree = "<group>";
		};
		8A12C0CB246EB84100316518 /* Constants */ = {
			isa = PBXGroup;
			children = (
				8A12C0D4246EC35800316518 /* Color.swift */,
			);
			path = Constants;
			sourceTree = "<group>";
		};
		8A16F4AA2463108A00AD2521 /* Networking */ = {
			isa = PBXGroup;
			children = (
				0C5F0B9524C414E500729627 /* Services */,
				8A12C0D7246ED95C00316518 /* JSONParser.swift */,
				0C5F0B9324C3C44800729627 /* APIConfig.swift */,
			);
			path = Networking;
			sourceTree = "<group>";
		};
		8A1BCBF0245F67C300AB1E0B = {
			isa = PBXGroup;
			children = (
				8A1BCBFB245F67C300AB1E0B /* MercadoChallenge */,
				0C6A8C0024C53B3B00179915 /* MercadoChallengeTests */,
				0C6A8C1024C56B3300179915 /* MercadoChallengeUITests */,
				8A1BCBFA245F67C300AB1E0B /* Products */,
				03906C02CABDB80D9968FB06 /* Pods */,
			);
			sourceTree = "<group>";
		};
		8A1BCBFA245F67C300AB1E0B /* Products */ = {
			isa = PBXGroup;
			children = (
				8A1BCBF9245F67C300AB1E0B /* MercadoChallenge.app */,
				0C6A8BFF24C53B3B00179915 /* MercadoChallengeTests.xctest */,
				0C6A8C0F24C56B3300179915 /* MercadoChallengeUITests.xctest */,
			);
			name = Products;
			sourceTree = "<group>";
		};
		8A1BCBFB245F67C300AB1E0B /* MercadoChallenge */ = {
			isa = PBXGroup;
			children = (
				0C3CB37F24C4C49B008EB4FB /* Info.plist */,
				8A12C0C5246EB61C00316518 /* Scenes */,
				8A12C0CB246EB84100316518 /* Constants */,
				8A16F4AA2463108A00AD2521 /* Networking */,
				8A1BCC11245F685B00AB1E0B /* Resources */,
				8A12C0C9246EB6FD00316518 /* Extensions */,
				8A3CB4CB246DECE700D01B2C /* Helpers */,
			);
			path = MercadoChallenge;
			sourceTree = "<group>";
		};
		8A1BCC11245F685B00AB1E0B /* Resources */ = {
			isa = PBXGroup;
			children = (
				8A1BCC02245F67C300AB1E0B /* Main.storyboard */,
				8A1BCC07245F67C400AB1E0B /* LaunchScreen.storyboard */,
				8A151A442465D7B4000FBA74 /* Assets.xcassets */,
				8A1BCBFC245F67C300AB1E0B /* AppDelegate.swift */,
				8A1BCBFE245F67C300AB1E0B /* SceneDelegate.swift */,
			);
			path = Resources;
			sourceTree = "<group>";
		};
		8A3CB4CB246DECE700D01B2C /* Helpers */ = {
			isa = PBXGroup;
			children = (
			);
			path = Helpers;
			sourceTree = "<group>";
		};
/* End PBXGroup section */

/* Begin PBXNativeTarget section */
		0C6A8BFE24C53B3B00179915 /* MercadoChallengeTests */ = {
			isa = PBXNativeTarget;
			buildConfigurationList = 0C6A8C0824C53B3B00179915 /* Build configuration list for PBXNativeTarget "MercadoChallengeTests" */;
			buildPhases = (
				0C6A8BFB24C53B3B00179915 /* Sources */,
				0C6A8BFC24C53B3B00179915 /* Frameworks */,
				0C6A8BFD24C53B3B00179915 /* Resources */,
			);
			buildRules = (
			);
			dependencies = (
				0C6A8C0524C53B3B00179915 /* PBXTargetDependency */,
			);
			name = MercadoChallengeTests;
			productName = MercadoChallengeTests;
			productReference = 0C6A8BFF24C53B3B00179915 /* MercadoChallengeTests.xctest */;
			productType = "com.apple.product-type.bundle.unit-test";
		};
		0C6A8C0E24C56B3300179915 /* MercadoChallengeUITests */ = {
			isa = PBXNativeTarget;
			buildConfigurationList = 0C6A8C1624C56B3300179915 /* Build configuration list for PBXNativeTarget "MercadoChallengeUITests" */;
			buildPhases = (
				0C6A8C0B24C56B3300179915 /* Sources */,
				0C6A8C0C24C56B3300179915 /* Frameworks */,
				0C6A8C0D24C56B3300179915 /* Resources */,
			);
			buildRules = (
			);
			dependencies = (
				0C6A8C1524C56B3300179915 /* PBXTargetDependency */,
			);
			name = MercadoChallengeUITests;
			productName = MercadoChallengeUITests;
			productReference = 0C6A8C0F24C56B3300179915 /* MercadoChallengeUITests.xctest */;
			productType = "com.apple.product-type.bundle.ui-testing";
		};
		8A1BCBF8245F67C300AB1E0B /* MercadoChallenge */ = {
			isa = PBXNativeTarget;
			buildConfigurationList = 8A1BCC0D245F67C400AB1E0B /* Build configuration list for PBXNativeTarget "MercadoChallenge" */;
			buildPhases = (
				8A1BCBF5245F67C300AB1E0B /* Sources */,
				8A1BCBF6245F67C300AB1E0B /* Frameworks */,
				8A1BCBF7245F67C300AB1E0B /* Resources */,
			);
			buildRules = (
			);
			dependencies = (
			);
			name = MercadoChallenge;
			productName = CatAPIViewer;
			productReference = 8A1BCBF9245F67C300AB1E0B /* MercadoChallenge.app */;
			productType = "com.apple.product-type.application";
		};
/* End PBXNativeTarget section */

/* Begin PBXProject section */
		8A1BCBF1245F67C300AB1E0B /* Project object */ = {
			isa = PBXProject;
			attributes = {
				LastSwiftUpdateCheck = 1150;
				LastUpgradeCheck = 1120;
				ORGANIZATIONNAME = "Andrés A.";
				TargetAttributes = {
					0C6A8BFE24C53B3B00179915 = {
						CreatedOnToolsVersion = 11.5;
						TestTargetID = 8A1BCBF8245F67C300AB1E0B;
					};
					0C6A8C0E24C56B3300179915 = {
						CreatedOnToolsVersion = 11.5;
						TestTargetID = 8A1BCBF8245F67C300AB1E0B;
					};
					8A1BCBF8245F67C300AB1E0B = {
						CreatedOnToolsVersion = 11.2.1;
					};
				};
			};
			buildConfigurationList = 8A1BCBF4245F67C300AB1E0B /* Build configuration list for PBXProject "MercadoChallenge" */;
			compatibilityVersion = "Xcode 9.3";
			developmentRegion = en;
			hasScannedForEncodings = 0;
			knownRegions = (
				en,
				Base,
			);
			mainGroup = 8A1BCBF0245F67C300AB1E0B;
			productRefGroup = 8A1BCBFA245F67C300AB1E0B /* Products */;
			projectDirPath = "";
			projectRoot = "";
			targets = (
				8A1BCBF8245F67C300AB1E0B /* MercadoChallenge */,
				0C6A8BFE24C53B3B00179915 /* MercadoChallengeTests */,
				0C6A8C0E24C56B3300179915 /* MercadoChallengeUITests */,
			);
		};
/* End PBXProject section */

/* Begin PBXResourcesBuildPhase section */
		0C6A8BFD24C53B3B00179915 /* Resources */ = {
			isa = PBXResourcesBuildPhase;
			buildActionMask = 2147483647;
			files = (
			);
			runOnlyForDeploymentPostprocessing = 0;
		};
		0C6A8C0D24C56B3300179915 /* Resources */ = {
			isa = PBXResourcesBuildPhase;
			buildActionMask = 2147483647;
			files = (
			);
			runOnlyForDeploymentPostprocessing = 0;
		};
		8A1BCBF7245F67C300AB1E0B /* Resources */ = {
			isa = PBXResourcesBuildPhase;
			buildActionMask = 2147483647;
			files = (
				8A1BCC09245F67C400AB1E0B /* LaunchScreen.storyboard in Resources */,
				8A151A452465D7B4000FBA74 /* Assets.xcassets in Resources */,
				8A1BCC04245F67C300AB1E0B /* Main.storyboard in Resources */,
			);
			runOnlyForDeploymentPostprocessing = 0;
		};
/* End PBXResourcesBuildPhase section */

/* Begin PBXSourcesBuildPhase section */
		0C6A8BFB24C53B3B00179915 /* Sources */ = {
			isa = PBXSourcesBuildPhase;
			buildActionMask = 2147483647;
			files = (
				0C6A8C0224C53B3B00179915 /* MercadoChallengeTests.swift in Sources */,
				0C6A8C0A24C5553C00179915 /* MockProduct.swift in Sources */,
			);
			runOnlyForDeploymentPostprocessing = 0;
		};
		0C6A8C0B24C56B3300179915 /* Sources */ = {
			isa = PBXSourcesBuildPhase;
			buildActionMask = 2147483647;
			files = (
				0C6A8C1224C56B3300179915 /* MercadoChallengeUITests.swift in Sources */,
			);
			runOnlyForDeploymentPostprocessing = 0;
		};
		8A1BCBF5245F67C300AB1E0B /* Sources */ = {
			isa = PBXSourcesBuildPhase;
			buildActionMask = 2147483647;
			files = (
				0C3CB38224C52C08008EB4FB /* SearchViewController.swift in Sources */,
				8A1BCBFD245F67C300AB1E0B /* AppDelegate.swift in Sources */,
				8A1BCBFF245F67C300AB1E0B /* SceneDelegate.swift in Sources */,
				0C3CB37C24C4C235008EB4FB /* ProductDetailViewController.swift in Sources */,
				8A317F0D24631ADE009E2B23 /* ProductsTableViewController.swift in Sources */,
				8A12C0D8246ED95C00316518 /* JSONParser.swift in Sources */,
				0C5F0B9424C3C44800729627 /* APIConfig.swift in Sources */,
				0C5F0B9A24C41A6500729627 /* SearchProductsService.swift in Sources */,
				0C3CB37E24C4C27A008EB4FB /* ProductDetailPresenter.swift in Sources */,
				8A12C0D5246EC35800316518 /* Color.swift in Sources */,
				0CBFA59024BC64C20077E332 /* ListProductsPresenter.swift in Sources */,
				0C5F0B9924C418B400729627 /* Product.swift in Sources */,
			);
			runOnlyForDeploymentPostprocessing = 0;
		};
/* End PBXSourcesBuildPhase section */

/* Begin PBXTargetDependency section */
		0C6A8C0524C53B3B00179915 /* PBXTargetDependency */ = {
			isa = PBXTargetDependency;
			target = 8A1BCBF8245F67C300AB1E0B /* MercadoChallenge */;
			targetProxy = 0C6A8C0424C53B3B00179915 /* PBXContainerItemProxy */;
		};
		0C6A8C1524C56B3300179915 /* PBXTargetDependency */ = {
			isa = PBXTargetDependency;
			target = 8A1BCBF8245F67C300AB1E0B /* MercadoChallenge */;
			targetProxy = 0C6A8C1424C56B3300179915 /* PBXContainerItemProxy */;
		};
/* End PBXTargetDependency section */

/* Begin PBXVariantGroup section */
		8A1BCC02245F67C300AB1E0B /* Main.storyboard */ = {
			isa = PBXVariantGroup;
			children = (
				8A1BCC03245F67C300AB1E0B /* Base */,
			);
			name = Main.storyboard;
			sourceTree = "<group>";
		};
		8A1BCC07245F67C400AB1E0B /* LaunchScreen.storyboard */ = {
			isa = PBXVariantGroup;
			children = (
				8A1BCC08245F67C400AB1E0B /* Base */,
			);
			name = LaunchScreen.storyboard;
			sourceTree = "<group>";
		};
/* End PBXVariantGroup section */

/* Begin XCBuildConfiguration section */
		0C6A8C0624C53B3B00179915 /* Debug */ = {
			isa = XCBuildConfiguration;
			buildSettings = {
				BUNDLE_LOADER = "$(TEST_HOST)";
				CODE_SIGN_STYLE = Automatic;
				DEVELOPMENT_TEAM = VAL6A7M5FF;
				INFOPLIST_FILE = MercadoChallengeTests/Info.plist;
				IPHONEOS_DEPLOYMENT_TARGET = 13.5;
				LD_RUNPATH_SEARCH_PATHS = (
					"$(inherited)",
					"@executable_path/Frameworks",
					"@loader_path/Frameworks",
				);
				PRODUCT_BUNDLE_IDENTIFIER = zourz.MercadoChallengeTests;
				PRODUCT_NAME = "$(TARGET_NAME)";
				SWIFT_VERSION = 5.0;
				TARGETED_DEVICE_FAMILY = "1,2";
				TEST_HOST = "$(BUILT_PRODUCTS_DIR)/MercadoChallenge.app/MercadoChallenge";
			};
			name = Debug;
		};
		0C6A8C0724C53B3B00179915 /* Release */ = {
			isa = XCBuildConfiguration;
			buildSettings = {
				BUNDLE_LOADER = "$(TEST_HOST)";
				CODE_SIGN_STYLE = Automatic;
				DEVELOPMENT_TEAM = VAL6A7M5FF;
				INFOPLIST_FILE = MercadoChallengeTests/Info.plist;
				IPHONEOS_DEPLOYMENT_TARGET = 13.5;
				LD_RUNPATH_SEARCH_PATHS = (
					"$(inherited)",
					"@executable_path/Frameworks",
					"@loader_path/Frameworks",
				);
				PRODUCT_BUNDLE_IDENTIFIER = zourz.MercadoChallengeTests;
				PRODUCT_NAME = "$(TARGET_NAME)";
				SWIFT_VERSION = 5.0;
				TARGETED_DEVICE_FAMILY = "1,2";
				TEST_HOST = "$(BUILT_PRODUCTS_DIR)/MercadoChallenge.app/MercadoChallenge";
			};
			name = Release;
		};
		0C6A8C1724C56B3300179915 /* Debug */ = {
			isa = XCBuildConfiguration;
			buildSettings = {
				CODE_SIGN_STYLE = Automatic;
				DEVELOPMENT_TEAM = VAL6A7M5FF;
				INFOPLIST_FILE = MercadoChallengeUITests/Info.plist;
				IPHONEOS_DEPLOYMENT_TARGET = 13.5;
				LD_RUNPATH_SEARCH_PATHS = (
					"$(inherited)",
					"@executable_path/Frameworks",
					"@loader_path/Frameworks",
				);
				PRODUCT_BUNDLE_IDENTIFIER = zourz.MercadoChallengeUITests;
				PRODUCT_NAME = "$(TARGET_NAME)";
				SWIFT_VERSION = 5.0;
				TARGETED_DEVICE_FAMILY = "1,2";
				TEST_TARGET_NAME = MercadoChallenge;
			};
			name = Debug;
		};
		0C6A8C1824C56B3300179915 /* Release */ = {
			isa = XCBuildConfiguration;
			buildSettings = {
				CODE_SIGN_STYLE = Automatic;
				DEVELOPMENT_TEAM = VAL6A7M5FF;
				INFOPLIST_FILE = MercadoChallengeUITests/Info.plist;
				IPHONEOS_DEPLOYMENT_TARGET = 13.5;
				LD_RUNPATH_SEARCH_PATHS = (
					"$(inherited)",
					"@executable_path/Frameworks",
					"@loader_path/Frameworks",
				);
				PRODUCT_BUNDLE_IDENTIFIER = zourz.MercadoChallengeUITests;
				PRODUCT_NAME = "$(TARGET_NAME)";
				SWIFT_VERSION = 5.0;
				TARGETED_DEVICE_FAMILY = "1,2";
				TEST_TARGET_NAME = MercadoChallenge;
			};
			name = Release;
		};
		8A1BCC0B245F67C400AB1E0B /* Debug */ = {
			isa = XCBuildConfiguration;
			buildSettings = {
				ALWAYS_SEARCH_USER_PATHS = NO;
				CLANG_ANALYZER_NONNULL = YES;
				CLANG_ANALYZER_NUMBER_OBJECT_CONVERSION = YES_AGGRESSIVE;
				CLANG_CXX_LANGUAGE_STANDARD = "gnu++14";
				CLANG_CXX_LIBRARY = "libc++";
				CLANG_ENABLE_MODULES = YES;
				CLANG_ENABLE_OBJC_ARC = YES;
				CLANG_ENABLE_OBJC_WEAK = YES;
				CLANG_WARN_BLOCK_CAPTURE_AUTORELEASING = YES;
				CLANG_WARN_BOOL_CONVERSION = YES;
				CLANG_WARN_COMMA = YES;
				CLANG_WARN_CONSTANT_CONVERSION = YES;
				CLANG_WARN_DEPRECATED_OBJC_IMPLEMENTATIONS = YES;
				CLANG_WARN_DIRECT_OBJC_ISA_USAGE = YES_ERROR;
				CLANG_WARN_DOCUMENTATION_COMMENTS = YES;
				CLANG_WARN_EMPTY_BODY = YES;
				CLANG_WARN_ENUM_CONVERSION = YES;
				CLANG_WARN_INFINITE_RECURSION = YES;
				CLANG_WARN_INT_CONVERSION = YES;
				CLANG_WARN_NON_LITERAL_NULL_CONVERSION = YES;
				CLANG_WARN_OBJC_IMPLICIT_RETAIN_SELF = YES;
				CLANG_WARN_OBJC_LITERAL_CONVERSION = YES;
				CLANG_WARN_OBJC_ROOT_CLASS = YES_ERROR;
				CLANG_WARN_RANGE_LOOP_ANALYSIS = YES;
				CLANG_WARN_STRICT_PROTOTYPES = YES;
				CLANG_WARN_SUSPICIOUS_MOVE = YES;
				CLANG_WARN_UNGUARDED_AVAILABILITY = YES_AGGRESSIVE;
				CLANG_WARN_UNREACHABLE_CODE = YES;
				CLANG_WARN__DUPLICATE_METHOD_MATCH = YES;
				COPY_PHASE_STRIP = NO;
				DEBUG_INFORMATION_FORMAT = dwarf;
				ENABLE_STRICT_OBJC_MSGSEND = YES;
				ENABLE_TESTABILITY = YES;
				GCC_C_LANGUAGE_STANDARD = gnu11;
				GCC_DYNAMIC_NO_PIC = NO;
				GCC_NO_COMMON_BLOCKS = YES;
				GCC_OPTIMIZATION_LEVEL = 0;
				GCC_PREPROCESSOR_DEFINITIONS = (
					"DEBUG=1",
					"$(inherited)",
				);
				GCC_WARN_64_TO_32_BIT_CONVERSION = YES;
				GCC_WARN_ABOUT_RETURN_TYPE = YES_ERROR;
				GCC_WARN_UNDECLARED_SELECTOR = YES;
				GCC_WARN_UNINITIALIZED_AUTOS = YES_AGGRESSIVE;
				GCC_WARN_UNUSED_FUNCTION = YES;
				GCC_WARN_UNUSED_VARIABLE = YES;
				IPHONEOS_DEPLOYMENT_TARGET = 13.2;
				MTL_ENABLE_DEBUG_INFO = INCLUDE_SOURCE;
				MTL_FAST_MATH = YES;
				ONLY_ACTIVE_ARCH = YES;
				SDKROOT = iphoneos;
				SWIFT_ACTIVE_COMPILATION_CONDITIONS = DEBUG;
				SWIFT_OPTIMIZATION_LEVEL = "-Onone";
			};
			name = Debug;
		};
		8A1BCC0C245F67C400AB1E0B /* Release */ = {
			isa = XCBuildConfiguration;
			buildSettings = {
				ALWAYS_SEARCH_USER_PATHS = NO;
				CLANG_ANALYZER_NONNULL = YES;
				CLANG_ANALYZER_NUMBER_OBJECT_CONVERSION = YES_AGGRESSIVE;
				CLANG_CXX_LANGUAGE_STANDARD = "gnu++14";
				CLANG_CXX_LIBRARY = "libc++";
				CLANG_ENABLE_MODULES = YES;
				CLANG_ENABLE_OBJC_ARC = YES;
				CLANG_ENABLE_OBJC_WEAK = YES;
				CLANG_WARN_BLOCK_CAPTURE_AUTORELEASING = YES;
				CLANG_WARN_BOOL_CONVERSION = YES;
				CLANG_WARN_COMMA = YES;
				CLANG_WARN_CONSTANT_CONVERSION = YES;
				CLANG_WARN_DEPRECATED_OBJC_IMPLEMENTATIONS = YES;
				CLANG_WARN_DIRECT_OBJC_ISA_USAGE = YES_ERROR;
				CLANG_WARN_DOCUMENTATION_COMMENTS = YES;
				CLANG_WARN_EMPTY_BODY = YES;
				CLANG_WARN_ENUM_CONVERSION = YES;
				CLANG_WARN_INFINITE_RECURSION = YES;
				CLANG_WARN_INT_CONVERSION = YES;
				CLANG_WARN_NON_LITERAL_NULL_CONVERSION = YES;
				CLANG_WARN_OBJC_IMPLICIT_RETAIN_SELF = YES;
				CLANG_WARN_OBJC_LITERAL_CONVERSION = YES;
				CLANG_WARN_OBJC_ROOT_CLASS = YES_ERROR;
				CLANG_WARN_RANGE_LOOP_ANALYSIS = YES;
				CLANG_WARN_STRICT_PROTOTYPES = YES;
				CLANG_WARN_SUSPICIOUS_MOVE = YES;
				CLANG_WARN_UNGUARDED_AVAILABILITY = YES_AGGRESSIVE;
				CLANG_WARN_UNREACHABLE_CODE = YES;
				CLANG_WARN__DUPLICATE_METHOD_MATCH = YES;
				COPY_PHASE_STRIP = NO;
				DEBUG_INFORMATION_FORMAT = "dwarf-with-dsym";
				ENABLE_NS_ASSERTIONS = NO;
				ENABLE_STRICT_OBJC_MSGSEND = YES;
				GCC_C_LANGUAGE_STANDARD = gnu11;
				GCC_NO_COMMON_BLOCKS = YES;
				GCC_WARN_64_TO_32_BIT_CONVERSION = YES;
				GCC_WARN_ABOUT_RETURN_TYPE = YES_ERROR;
				GCC_WARN_UNDECLARED_SELECTOR = YES;
				GCC_WARN_UNINITIALIZED_AUTOS = YES_AGGRESSIVE;
				GCC_WARN_UNUSED_FUNCTION = YES;
				GCC_WARN_UNUSED_VARIABLE = YES;
				IPHONEOS_DEPLOYMENT_TARGET = 13.2;
				MTL_ENABLE_DEBUG_INFO = NO;
				MTL_FAST_MATH = YES;
				SDKROOT = iphoneos;
				SWIFT_COMPILATION_MODE = wholemodule;
				SWIFT_OPTIMIZATION_LEVEL = "-O";
				VALIDATE_PRODUCT = YES;
			};
			name = Release;
		};
		8A1BCC0E245F67C400AB1E0B /* Debug */ = {
			isa = XCBuildConfiguration;
			buildSettings = {
				ASSETCATALOG_COMPILER_APPICON_NAME = AppIcon;
				CODE_SIGN_STYLE = Automatic;
				INFOPLIST_FILE = MercadoChallenge/Info.plist;
				IPHONEOS_DEPLOYMENT_TARGET = 11.0;
				LD_RUNPATH_SEARCH_PATHS = (
					"$(inherited)",
					"@executable_path/Frameworks",
				);
				PRODUCT_BUNDLE_IDENTIFIER = net.andres.acevedo.MercadoChallenge;
				PRODUCT_NAME = "$(TARGET_NAME)";
				SWIFT_VERSION = 5.0;
				TARGETED_DEVICE_FAMILY = 1;
			};
			name = Debug;
		};
		8A1BCC0F245F67C400AB1E0B /* Release */ = {
			isa = XCBuildConfiguration;
			buildSettings = {
				ASSETCATALOG_COMPILER_APPICON_NAME = AppIcon;
				CODE_SIGN_STYLE = Automatic;
				INFOPLIST_FILE = MercadoChallenge/Info.plist;
				IPHONEOS_DEPLOYMENT_TARGET = 11.0;
				LD_RUNPATH_SEARCH_PATHS = (
					"$(inherited)",
					"@executable_path/Frameworks",
				);
				PRODUCT_BUNDLE_IDENTIFIER = net.andres.acevedo.MercadoChallenge;
				PRODUCT_NAME = "$(TARGET_NAME)";
				SWIFT_VERSION = 5.0;
				TARGETED_DEVICE_FAMILY = 1;
			};
			name = Release;
		};
/* End XCBuildConfiguration section */

/* Begin XCConfigurationList section */
		0C6A8C0824C53B3B00179915 /* Build configuration list for PBXNativeTarget "MercadoChallengeTests" */ = {
			isa = XCConfigurationList;
			buildConfigurations = (
				0C6A8C0624C53B3B00179915 /* Debug */,
				0C6A8C0724C53B3B00179915 /* Release */,
			);
			defaultConfigurationIsVisible = 0;
			defaultConfigurationName = Release;
		};
		0C6A8C1624C56B3300179915 /* Build configuration list for PBXNativeTarget "MercadoChallengeUITests" */ = {
			isa = XCConfigurationList;
			buildConfigurations = (
				0C6A8C1724C56B3300179915 /* Debug */,
				0C6A8C1824C56B3300179915 /* Release */,
			);
			defaultConfigurationIsVisible = 0;
			defaultConfigurationName = Release;
		};
		8A1BCBF4245F67C300AB1E0B /* Build configuration list for PBXProject "MercadoChallenge" */ = {
			isa = XCConfigurationList;
			buildConfigurations = (
				8A1BCC0B245F67C400AB1E0B /* Debug */,
				8A1BCC0C245F67C400AB1E0B /* Release */,
			);
			defaultConfigurationIsVisible = 0;
			defaultConfigurationName = Release;
		};
		8A1BCC0D245F67C400AB1E0B /* Build configuration list for PBXNativeTarget "MercadoChallenge" */ = {
			isa = XCConfigurationList;
			buildConfigurations = (
				8A1BCC0E245F67C400AB1E0B /* Debug */,
				8A1BCC0F245F67C400AB1E0B /* Release */,
			);
			defaultConfigurationIsVisible = 0;
			defaultConfigurationName = Release;
		};
/* End XCConfigurationList section */
	};
	rootObject = 8A1BCBF1245F67C300AB1E0B /* Project object */;
}
